// !$*UTF8*$!
{
	archiveVersion = 1;
	classes = {
	};
	objectVersion = 46;
	objects = {

/* Begin PBXBuildFile section */
		2F7D1E971E6E66D400D6C9B7 /* AppDelegate.swift in Sources */ = {isa = PBXBuildFile; fileRef = 2F7D1E961E6E66D400D6C9B7 /* AppDelegate.swift */; };
		2F7D1E991E6E66D400D6C9B7 /* ViewController.swift in Sources */ = {isa = PBXBuildFile; fileRef = 2F7D1E981E6E66D400D6C9B7 /* ViewController.swift */; };
		2F7D1E9C1E6E66D400D6C9B7 /* Main.storyboard in Resources */ = {isa = PBXBuildFile; fileRef = 2F7D1E9A1E6E66D400D6C9B7 /* Main.storyboard */; };
		2F7D1E9E1E6E66D400D6C9B7 /* Assets.xcassets in Resources */ = {isa = PBXBuildFile; fileRef = 2F7D1E9D1E6E66D400D6C9B7 /* Assets.xcassets */; };
		2F7D1EA11E6E66D400D6C9B7 /* LaunchScreen.storyboard in Resources */ = {isa = PBXBuildFile; fileRef = 2F7D1E9F1E6E66D400D6C9B7 /* LaunchScreen.storyboard */; };
		2F7D1EAC1E6E66D400D6C9B7 /* ShopCalcTests.swift in Sources */ = {isa = PBXBuildFile; fileRef = 2F7D1EAB1E6E66D400D6C9B7 /* ShopCalcTests.swift */; };
		2F7D1EB71E6E66D400D6C9B7 /* ShopCalcUITests.swift in Sources */ = {isa = PBXBuildFile; fileRef = 2F7D1EB61E6E66D400D6C9B7 /* ShopCalcUITests.swift */; };
/* End PBXBuildFile section */

/* Begin PBXContainerItemProxy section */
		2F7D1EA81E6E66D400D6C9B7 /* PBXContainerItemProxy */ = {
			isa = PBXContainerItemProxy;
			containerPortal = 2F7D1E8B1E6E66D300D6C9B7 /* Project object */;
			proxyType = 1;
			remoteGlobalIDString = 2F7D1E921E6E66D300D6C9B7;
			remoteInfo = ShopCalc;
		};
		2F7D1EB31E6E66D400D6C9B7 /* PBXContainerItemProxy */ = {
			isa = PBXContainerItemProxy;
			containerPortal = 2F7D1E8B1E6E66D300D6C9B7 /* Project object */;
			proxyType = 1;
			remoteGlobalIDString = 2F7D1E921E6E66D300D6C9B7;
			remoteInfo = ShopCalc;
		};
/* End PBXContainerItemProxy section */

/* Begin PBXFileReference section */
		2F7D1E931E6E66D400D6C9B7 /* ShopCalc.app */ = {isa = PBXFileReference; explicitFileType = wrapper.application; includeInIndex = 0; path = ShopCalc.app; sourceTree = BUILT_PRODUCTS_DIR; };
		2F7D1E961E6E66D400D6C9B7 /* AppDelegate.swift */ = {isa = PBXFileReference; lastKnownFileType = sourcecode.swift; path = AppDelegate.swift; sourceTree = "<group>"; };
		2F7D1E981E6E66D400D6C9B7 /* ViewController.swift */ = {isa = PBXFileReference; lastKnownFileType = sourcecode.swift; path = ViewController.swift; sourceTree = "<group>"; };
		2F7D1E9B1E6E66D400D6C9B7 /* Base */ = {isa = PBXFileReference; lastKnownFileType = file.storyboard; name = Base; path = Base.lproj/Main.storyboard; sourceTree = "<group>"; };
		2F7D1E9D1E6E66D400D6C9B7 /* Assets.xcassets */ = {isa = PBXFileReference; lastKnownFileType = folder.assetcatalog; path = Assets.xcassets; sourceTree = "<group>"; };
		2F7D1EA01E6E66D400D6C9B7 /* Base */ = {isa = PBXFileReference; lastKnownFileType = file.storyboard; name = Base; path = Base.lproj/LaunchScreen.storyboard; sourceTree = "<group>"; };
		2F7D1EA21E6E66D400D6C9B7 /* Info.plist */ = {isa = PBXFileReference; lastKnownFileType = text.plist.xml; path = Info.plist; sourceTree = "<group>"; };
		2F7D1EA71E6E66D400D6C9B7 /* ShopCalcTests.xctest */ = {isa = PBXFileReference; explicitFileType = wrapper.cfbundle; includeInIndex = 0; path = ShopCalcTests.xctest; sourceTree = BUILT_PRODUCTS_DIR; };
		2F7D1EAB1E6E66D400D6C9B7 /* ShopCalcTests.swift */ = {isa = PBXFileReference; lastKnownFileType = sourcecode.swift; path = ShopCalcTests.swift; sourceTree = "<group>"; };
		2F7D1EAD1E6E66D400D6C9B7 /* Info.plist */ = {isa = PBXFileReference; lastKnownFileType = text.plist.xml; path = Info.plist; sourceTree = "<group>"; };
		2F7D1EB21E6E66D400D6C9B7 /* ShopCalcUITests.xctest */ = {isa = PBXFileReference; explicitFileType = wrapper.cfbundle; includeInIndex = 0; path = ShopCalcUITests.xctest; sourceTree = BUILT_PRODUCTS_DIR; };
		2F7D1EB61E6E66D400D6C9B7 /* ShopCalcUITests.swift */ = {isa = PBXFileReference; lastKnownFileType = sourcecode.swift; path = ShopCalcUITests.swift; sourceTree = "<group>"; };
		2F7D1EB81E6E66D400D6C9B7 /* Info.plist */ = {isa = PBXFileReference; lastKnownFileType = text.plist.xml; path = Info.plist; sourceTree = "<group>"; };
/* End PBXFileReference section */

/* Begin PBXFrameworksBuildPhase section */
		2F7D1E901E6E66D300D6C9B7 /* Frameworks */ = {
			isa = PBXFrameworksBuildPhase;
			buildActionMask = 2147483647;
			files = (
			);
			runOnlyForDeploymentPostprocessing = 0;
		};
		2F7D1EA41E6E66D400D6C9B7 /* Frameworks */ = {
			isa = PBXFrameworksBuildPhase;
			buildActionMask = 2147483647;
			files = (
			);
			runOnlyForDeploymentPostprocessing = 0;
		};
		2F7D1EAF1E6E66D400D6C9B7 /* Frameworks */ = {
			isa = PBXFrameworksBuildPhase;
			buildActionMask = 2147483647;
			files = (
			);
			runOnlyForDeploymentPostprocessing = 0;
		};
/* End PBXFrameworksBuildPhase section */

/* Begin PBXGroup section */
		2F7D1E8A1E6E66D300D6C9B7 = {
			isa = PBXGroup;
			children = (
				2F7D1E951E6E66D400D6C9B7 /* ShopCalc */,
				2F7D1EAA1E6E66D400D6C9B7 /* ShopCalcTests */,
				2F7D1EB51E6E66D400D6C9B7 /* ShopCalcUITests */,
				2F7D1E941E6E66D400D6C9B7 /* Products */,
			);
			sourceTree = "<group>";
		};
		2F7D1E941E6E66D400D6C9B7 /* Products */ = {
			isa = PBXGroup;
			children = (
				2F7D1E931E6E66D400D6C9B7 /* ShopCalc.app */,
				2F7D1EA71E6E66D400D6C9B7 /* ShopCalcTests.xctest */,
				2F7D1EB21E6E66D400D6C9B7 /* ShopCalcUITests.xctest */,
			);
			name = Products;
			sourceTree = "<group>";
		};
		2F7D1E951E6E66D400D6C9B7 /* ShopCalc */ = {
			isa = PBXGroup;
			children = (
				2F7D1E961E6E66D400D6C9B7 /* AppDelegate.swift */,
				2F7D1E981E6E66D400D6C9B7 /* ViewController.swift */,
				2F7D1E9A1E6E66D400D6C9B7 /* Main.storyboard */,
				2F7D1E9D1E6E66D400D6C9B7 /* Assets.xcassets */,
				2F7D1E9F1E6E66D400D6C9B7 /* LaunchScreen.storyboard */,
				2F7D1EA21E6E66D400D6C9B7 /* Info.plist */,
			);
			path = ShopCalc;
			sourceTree = "<group>";
		};
		2F7D1EAA1E6E66D400D6C9B7 /* ShopCalcTests */ = {
			isa = PBXGroup;
			children = (
				2F7D1EAB1E6E66D400D6C9B7 /* ShopCalcTests.swift */,
				2F7D1EAD1E6E66D400D6C9B7 /* Info.plist */,
			);
			path = ShopCalcTests;
			sourceTree = "<group>";
		};
		2F7D1EB51E6E66D400D6C9B7 /* ShopCalcUITests */ = {
			isa = PBXGroup;
			children = (
				2F7D1EB61E6E66D400D6C9B7 /* ShopCalcUITests.swift */,
				2F7D1EB81E6E66D400D6C9B7 /* Info.plist */,
			);
			path = ShopCalcUITests;
			sourceTree = "<group>";
		};
/* End PBXGroup section */

/* Begin PBXNativeTarget section */
		2F7D1E921E6E66D300D6C9B7 /* ShopCalc */ = {
			isa = PBXNativeTarget;
			buildConfigurationList = 2F7D1EBB1E6E66D400D6C9B7 /* Build configuration list for PBXNativeTarget "ShopCalc" */;
			buildPhases = (
				2F7D1E8F1E6E66D300D6C9B7 /* Sources */,
				2F7D1E901E6E66D300D6C9B7 /* Frameworks */,
				2F7D1E911E6E66D300D6C9B7 /* Resources */,
			);
			buildRules = (
			);
			dependencies = (
			);
			name = ShopCalc;
			productName = ShopCalc;
			productReference = 2F7D1E931E6E66D400D6C9B7 /* ShopCalc.app */;
			productType = "com.apple.product-type.application";
		};
		2F7D1EA61E6E66D400D6C9B7 /* ShopCalcTests */ = {
			isa = PBXNativeTarget;
			buildConfigurationList = 2F7D1EBE1E6E66D400D6C9B7 /* Build configuration list for PBXNativeTarget "ShopCalcTests" */;
			buildPhases = (
				2F7D1EA31E6E66D400D6C9B7 /* Sources */,
				2F7D1EA41E6E66D400D6C9B7 /* Frameworks */,
				2F7D1EA51E6E66D400D6C9B7 /* Resources */,
			);
			buildRules = (
			);
			dependencies = (
				2F7D1EA91E6E66D400D6C9B7 /* PBXTargetDependency */,
			);
			name = ShopCalcTests;
			productName = ShopCalcTests;
			productReference = 2F7D1EA71E6E66D400D6C9B7 /* ShopCalcTests.xctest */;
			productType = "com.apple.product-type.bundle.unit-test";
		};
		2F7D1EB11E6E66D400D6C9B7 /* ShopCalcUITests */ = {
			isa = PBXNativeTarget;
			buildConfigurationList = 2F7D1EC11E6E66D400D6C9B7 /* Build configuration list for PBXNativeTarget "ShopCalcUITests" */;
			buildPhases = (
				2F7D1EAE1E6E66D400D6C9B7 /* Sources */,
				2F7D1EAF1E6E66D400D6C9B7 /* Frameworks */,
				2F7D1EB01E6E66D400D6C9B7 /* Resources */,
			);
			buildRules = (
			);
			dependencies = (
				2F7D1EB41E6E66D400D6C9B7 /* PBXTargetDependency */,
			);
			name = ShopCalcUITests;
			productName = ShopCalcUITests;
			productReference = 2F7D1EB21E6E66D400D6C9B7 /* ShopCalcUITests.xctest */;
			productType = "com.apple.product-type.bundle.ui-testing";
		};
/* End PBXNativeTarget section */

/* Begin PBXProject section */
		2F7D1E8B1E6E66D300D6C9B7 /* Project object */ = {
			isa = PBXProject;
			attributes = {
				LastSwiftUpdateCheck = 0820;
				LastUpgradeCheck = 0820;
				ORGANIZATIONNAME = "Pranav Sharma";
				TargetAttributes = {
					2F7D1E921E6E66D300D6C9B7 = {
						CreatedOnToolsVersion = 8.2.1;
						ProvisioningStyle = Automatic;
					};
					2F7D1EA61E6E66D400D6C9B7 = {
						CreatedOnToolsVersion = 8.2.1;
						ProvisioningStyle = Automatic;
						TestTargetID = 2F7D1E921E6E66D300D6C9B7;
					};
					2F7D1EB11E6E66D400D6C9B7 = {
						CreatedOnToolsVersion = 8.2.1;
						ProvisioningStyle = Automatic;
						TestTargetID = 2F7D1E921E6E66D300D6C9B7;
					};
				};
			};
			buildConfigurationList = 2F7D1E8E1E6E66D300D6C9B7 /* Build configuration list for PBXProject "ShopCalc" */;
			compatibilityVersion = "Xcode 3.2";
			developmentRegion = English;
			hasScannedForEncodings = 0;
			knownRegions = (
				en,
				Base,
			);
			mainGroup = 2F7D1E8A1E6E66D300D6C9B7;
			productRefGroup = 2F7D1E941E6E66D400D6C9B7 /* Products */;
			projectDirPath = "";
			projectRoot = "";
			targets = (
				2F7D1E921E6E66D300D6C9B7 /* ShopCalc */,
				2F7D1EA61E6E66D400D6C9B7 /* ShopCalcTests */,
				2F7D1EB11E6E66D400D6C9B7 /* ShopCalcUITests */,
			);
		};
/* End PBXProject section */

/* Begin PBXResourcesBuildPhase section */
		2F7D1E911E6E66D300D6C9B7 /* Resources */ = {
			isa = PBXResourcesBuildPhase;
			buildActionMask = 2147483647;
			files = (
				2F7D1EA11E6E66D400D6C9B7 /* LaunchScreen.storyboard in Resources */,
				2F7D1E9E1E6E66D400D6C9B7 /* Assets.xcassets in Resources */,
				2F7D1E9C1E6E66D400D6C9B7 /* Main.storyboard in Resources */,
			);
			runOnlyForDeploymentPostprocessing = 0;
		};
		2F7D1EA51E6E66D400D6C9B7 /* Resources */ = {
			isa = PBXResourcesBuildPhase;
			buildActionMask = 2147483647;
			files = (
			);
			runOnlyForDeploymentPostprocessing = 0;
		};
		2F7D1EB01E6E66D400D6C9B7 /* Resources */ = {
			isa = PBXResourcesBuildPhase;
			buildActionMask = 2147483647;
			files = (
			);
			runOnlyForDeploymentPostprocessing = 0;
		};
/* End PBXResourcesBuildPhase section */

/* Begin PBXSourcesBuildPhase section */
		2F7D1E8F1E6E66D300D6C9B7 /* Sources */ = {
			isa = PBXSourcesBuildPhase;
			buildActionMask = 2147483647;
			files = (
				2F7D1E991E6E66D400D6C9B7 /* ViewController.swift in Sources */,
				2F7D1E971E6E66D400D6C9B7 /* AppDelegate.swift in Sources */,
			);
			runOnlyForDeploymentPostprocessing = 0;
		};
		2F7D1EA31E6E66D400D6C9B7 /* Sources */ = {
			isa = PBXSourcesBuildPhase;
			buildActionMask = 2147483647;
			files = (
				2F7D1EAC1E6E66D400D6C9B7 /* ShopCalcTests.swift in Sources */,
			);
			runOnlyForDeploymentPostprocessing = 0;
		};
		2F7D1EAE1E6E66D400D6C9B7 /* Sources */ = {
			isa = PBXSourcesBuildPhase;
			buildActionMask = 2147483647;
			files = (
				2F7D1EB71E6E66D400D6C9B7 /* ShopCalcUITests.swift in Sources */,
			);
			runOnlyForDeploymentPostprocessing = 0;
		};
/* End PBXSourcesBuildPhase section */

/* Begin PBXTargetDependency section */
		2F7D1EA91E6E66D400D6C9B7 /* PBXTargetDependency */ = {
			isa = PBXTargetDependency;
			target = 2F7D1E921E6E66D300D6C9B7 /* ShopCalc */;
			targetProxy = 2F7D1EA81E6E66D400D6C9B7 /* PBXContainerItemProxy */;
		};
		2F7D1EB41E6E66D400D6C9B7 /* PBXTargetDependency */ = {
			isa = PBXTargetDependency;
			target = 2F7D1E921E6E66D300D6C9B7 /* ShopCalc */;
			targetProxy = 2F7D1EB31E6E66D400D6C9B7 /* PBXContainerItemProxy */;
		};
/* End PBXTargetDependency section */

/* Begin PBXVariantGroup section */
		2F7D1E9A1E6E66D400D6C9B7 /* Main.storyboard */ = {
			isa = PBXVariantGroup;
			children = (
				2F7D1E9B1E6E66D400D6C9B7 /* Base */,
			);
			name = Main.storyboard;
			sourceTree = "<group>";
		};
		2F7D1E9F1E6E66D400D6C9B7 /* LaunchScreen.storyboard */ = {
			isa = PBXVariantGroup;
			children = (
				2F7D1EA01E6E66D400D6C9B7 /* Base */,
			);
			name = LaunchScreen.storyboard;
			sourceTree = "<group>";
		};
/* End PBXVariantGroup section */

/* Begin XCBuildConfiguration section */
		2F7D1EB91E6E66D400D6C9B7 /* Debug */ = {
			isa = XCBuildConfiguration;
			buildSettings = {
				ALWAYS_SEARCH_USER_PATHS = NO;
				CLANG_ANALYZER_NONNULL = YES;
				CLANG_CXX_LANGUAGE_STANDARD = "gnu++0x";
				CLANG_CXX_LIBRARY = "libc++";
				CLANG_ENABLE_MODULES = YES;
				CLANG_ENABLE_OBJC_ARC = YES;
				CLANG_WARN_BOOL_CONVERSION = YES;
				CLANG_WARN_CONSTANT_CONVERSION = YES;
				CLANG_WARN_DIRECT_OBJC_ISA_USAGE = YES_ERROR;
				CLANG_WARN_DOCUMENTATION_COMMENTS = YES;
				CLANG_WARN_EMPTY_BODY = YES;
				CLANG_WARN_ENUM_CONVERSION = YES;
				CLANG_WARN_INFINITE_RECURSION = YES;
				CLANG_WARN_INT_CONVERSION = YES;
				CLANG_WARN_OBJC_ROOT_CLASS = YES_ERROR;
				CLANG_WARN_SUSPICIOUS_MOVE = YES;
				CLANG_WARN_UNREACHABLE_CODE = YES;
				CLANG_WARN__DUPLICATE_METHOD_MATCH = YES;
				"CODE_SIGN_IDENTITY[sdk=iphoneos*]" = "iPhone Developer";
				COPY_PHASE_STRIP = NO;
				DEBUG_INFORMATION_FORMAT = dwarf;
				ENABLE_STRICT_OBJC_MSGSEND = YES;
				ENABLE_TESTABILITY = YES;
				GCC_C_LANGUAGE_STANDARD = gnu99;
				GCC_DYNAMIC_NO_PIC = NO;
				GCC_NO_COMMON_BLOCKS = YES;
				GCC_OPTIMIZATION_LEVEL = 0;
				GCC_PREPROCESSOR_DEFINITIONS = (
					"DEBUG=1",
					"$(inherited)",
				);
				GCC_WARN_64_TO_32_BIT_CONVERSION = YES;
				GCC_WARN_ABOUT_RETURN_TYPE = YES_ERROR;
				GCC_WARN_UNDECLARED_SELECTOR = YES;
				GCC_WARN_UNINITIALIZED_AUTOS = YES_AGGRESSIVE;
				GCC_WARN_UNUSED_FUNCTION = YES;
				GCC_WARN_UNUSED_VARIABLE = YES;
				IPHONEOS_DEPLOYMENT_TARGET = 10.2;
				MTL_ENABLE_DEBUG_INFO = YES;
				ONLY_ACTIVE_ARCH = YES;
				SDKROOT = iphoneos;
				SWIFT_ACTIVE_COMPILATION_CONDITIONS = DEBUG;
				SWIFT_OPTIMIZATION_LEVEL = "-Onone";
				TARGETED_DEVICE_FAMILY = "1,2";
			};
			name = Debug;
		};
		2F7D1EBA1E6E66D400D6C9B7 /* Release */ = {
			isa = XCBuildConfiguration;
			buildSettings = {
				ALWAYS_SEARCH_USER_PATHS = NO;
				CLANG_ANALYZER_NONNULL = YES;
				CLANG_CXX_LANGUAGE_STANDARD = "gnu++0x";
				CLANG_CXX_LIBRARY = "libc++";
				CLANG_ENABLE_MODULES = YES;
				CLANG_ENABLE_OBJC_ARC = YES;
				CLANG_WARN_BOOL_CONVERSION = YES;
				CLANG_WARN_CONSTANT_CONVERSION = YES;
				CLANG_WARN_DIRECT_OBJC_ISA_USAGE = YES_ERROR;
				CLANG_WARN_DOCUMENTATION_COMMENTS = YES;
				CLANG_WARN_EMPTY_BODY = YES;
				CLANG_WARN_ENUM_CONVERSION = YES;
				CLANG_WARN_INFINITE_RECURSION = YES;
				CLANG_WARN_INT_CONVERSION = YES;
				CLANG_WARN_OBJC_ROOT_CLASS = YES_ERROR;
				CLANG_WARN_SUSPICIOUS_MOVE = YES;
				CLANG_WARN_UNREACHABLE_CODE = YES;
				CLANG_WARN__DUPLICATE_METHOD_MATCH = YES;
				"CODE_SIGN_IDENTITY[sdk=iphoneos*]" = "iPhone Developer";
				COPY_PHASE_STRIP = NO;
				DEBUG_INFORMATION_FORMAT = "dwarf-with-dsym";
				ENABLE_NS_ASSERTIONS = NO;
				ENABLE_STRICT_OBJC_MSGSEND = YES;
				GCC_C_LANGUAGE_STANDARD = gnu99;
				GCC_NO_COMMON_BLOCKS = YES;
				GCC_WARN_64_TO_32_BIT_CONVERSION = YES;
				GCC_WARN_ABOUT_RETURN_TYPE = YES_ERROR;
				GCC_WARN_UNDECLARED_SELECTOR = YES;
				GCC_WARN_UNINITIALIZED_AUTOS = YES_AGGRESSIVE;
				GCC_WARN_UNUSED_FUNCTION = YES;
				GCC_WARN_UNUSED_VARIABLE = YES;
				IPHONEOS_DEPLOYMENT_TARGET = 10.2;
				MTL_ENABLE_DEBUG_INFO = NO;
				SDKROOT = iphoneos;
				SWIFT_OPTIMIZATION_LEVEL = "-Owholemodule";
				TARGETED_DEVICE_FAMILY = "1,2";
				VALIDATE_PRODUCT = YES;
			};
			name = Release;
		};
		2F7D1EBC1E6E66D400D6C9B7 /* Debug */ = {
			isa = XCBuildConfiguration;
			buildSettings = {
				ASSETCATALOG_COMPILER_APPICON_NAME = AppIcon;
				INFOPLIST_FILE = ShopCalc/Info.plist;
				LD_RUNPATH_SEARCH_PATHS = "$(inherited) @executable_path/Frameworks";
				PRODUCT_BUNDLE_IDENTIFIER = com.byteappstudio.ShopCalc;
				PRODUCT_NAME = "$(TARGET_NAME)";
				SWIFT_VERSION = 3.0;
			};
			name = Debug;
		};
		2F7D1EBD1E6E66D400D6C9B7 /* Release */ = {
			isa = XCBuildConfiguration;
			buildSettings = {
				ASSETCATALOG_COMPILER_APPICON_NAME = AppIcon;
				INFOPLIST_FILE = ShopCalc/Info.plist;
				LD_RUNPATH_SEARCH_PATHS = "$(inherited) @executable_path/Frameworks";
				PRODUCT_BUNDLE_IDENTIFIER = com.byteappstudio.ShopCalc;
				PRODUCT_NAME = "$(TARGET_NAME)";
				SWIFT_VERSION = 3.0;
			};
			name = Release;
		};
		2F7D1EBF1E6E66D400D6C9B7 /* Debug */ = {
			isa = XCBuildConfiguration;
			buildSettings = {
				ALWAYS_EMBED_SWIFT_STANDARD_LIBRARIES = YES;
				BUNDLE_LOADER = "$(TEST_HOST)";
				INFOPLIST_FILE = ShopCalcTests/Info.plist;
				LD_RUNPATH_SEARCH_PATHS = "$(inherited) @executable_path/Frameworks @loader_path/Frameworks";
				PRODUCT_BUNDLE_IDENTIFIER = com.byteappstudio.ShopCalcTests;
				PRODUCT_NAME = "$(TARGET_NAME)";
				SWIFT_VERSION = 3.0;
				TEST_HOST = "$(BUILT_PRODUCTS_DIR)/ShopCalc.app/ShopCalc";
			};
			name = Debug;
		};
		2F7D1EC01E6E66D400D6C9B7 /* Release */ = {
			isa = XCBuildConfiguration;
			buildSettings = {
				ALWAYS_EMBED_SWIFT_STANDARD_LIBRARIES = YES;
				BUNDLE_LOADER = "$(TEST_HOST)";
				INFOPLIST_FILE = ShopCalcTests/Info.plist;
				LD_RUNPATH_SEARCH_PATHS = "$(inherited) @executable_path/Frameworks @loader_path/Frameworks";
				PRODUCT_BUNDLE_IDENTIFIER = com.byteappstudio.ShopCalcTests;
				PRODUCT_NAME = "$(TARGET_NAME)";
				SWIFT_VERSION = 3.0;
				TEST_HOST = "$(BUILT_PRODUCTS_DIR)/ShopCalc.app/ShopCalc";
			};
			name = Release;
		};
		2F7D1EC21E6E66D400D6C9B7 /* Debug */ = {
			isa = XCBuildConfiguration;
			buildSettings = {
				ALWAYS_EMBED_SWIFT_STANDARD_LIBRARIES = YES;
				INFOPLIST_FILE = ShopCalcUITests/Info.plist;
				LD_RUNPATH_SEARCH_PATHS = "$(inherited) @executable_path/Frameworks @loader_path/Frameworks";
				PRODUCT_BUNDLE_IDENTIFIER = com.byteappstudio.ShopCalcUITests;
				PRODUCT_NAME = "$(TARGET_NAME)";
				SWIFT_VERSION = 3.0;
				TEST_TARGET_NAME = ShopCalc;
			};
			name = Debug;
		};
		2F7D1EC31E6E66D400D6C9B7 /* Release */ = {
			isa = XCBuildConfiguration;
			buildSettings = {
				ALWAYS_EMBED_SWIFT_STANDARD_LIBRARIES = YES;
				INFOPLIST_FILE = ShopCalcUITests/Info.plist;
				LD_RUNPATH_SEARCH_PATHS = "$(inherited) @executable_path/Frameworks @loader_path/Frameworks";
				PRODUCT_BUNDLE_IDENTIFIER = com.byteappstudio.ShopCalcUITests;
				PRODUCT_NAME = "$(TARGET_NAME)";
				SWIFT_VERSION = 3.0;
				TEST_TARGET_NAME = ShopCalc;
			};
			name = Release;
		};
/* End XCBuildConfiguration section */

/* Begin XCConfigurationList section */
		2F7D1E8E1E6E66D300D6C9B7 /* Build configuration list for PBXProject "ShopCalc" */ = {
			isa = XCConfigurationList;
			buildConfigurations = (
				2F7D1EB91E6E66D400D6C9B7 /* Debug */,
				2F7D1EBA1E6E66D400D6C9B7 /* Release */,
			);
			defaultConfigurationIsVisible = 0;
			defaultConfigurationName = Release;
		};
		2F7D1EBB1E6E66D400D6C9B7 /* Build configuration list for PBXNativeTarget "ShopCalc" */ = {
			isa = XCConfigurationList;
			buildConfigurations = (
				2F7D1EBC1E6E66D400D6C9B7 /* Debug */,
				2F7D1EBD1E6E66D400D6C9B7 /* Release */,
			);
			defaultConfigurationIsVisible = 0;
		};
		2F7D1EBE1E6E66D400D6C9B7 /* Build configuration list for PBXNativeTarget "ShopCalcTests" */ = {
			isa = XCConfigurationList;
			buildConfigurations = (
				2F7D1EBF1E6E66D400D6C9B7 /* Debug */,
				2F7D1EC01E6E66D400D6C9B7 /* Release */,
			);
			defaultConfigurationIsVisible = 0;
		};
		2F7D1EC11E6E66D400D6C9B7 /* Build configuration list for PBXNativeTarget "ShopCalcUITests" */ = {
			isa = XCConfigurationList;
			buildConfigurations = (
				2F7D1EC21E6E66D400D6C9B7 /* Debug */,
				2F7D1EC31E6E66D400D6C9B7 /* Release */,
			);
			defaultConfigurationIsVisible = 0;
		};
/* End XCConfigurationList section */
	};
	rootObject = 2F7D1E8B1E6E66D300D6C9B7 /* Project object */;
}
